
Microsoft Visual Studio Solution File, Format Version 12.00
# Visual Studio Version 17
VisualStudioVersion = 17.13.35919.96 d17.13
MinimumVisualStudioVersion = 10.0.40219.1
Project("{FAE04EC0-301F-11D3-BF4B-00C04F79EFBC}") = "MauiAppFirstTry", "MauiAppFirstTry\MauiAppFirstTry.csproj", "{D183FD7F-C78D-49BE-991A-0B99AF88F4F8}"
EndProject
Global
	GlobalSection(SolutionConfigurationPlatforms) = preSolution
		Debug|Any CPU = Debug|Any CPU
		Release|Any CPU = Release|Any CPU
	EndGlobalSection
	GlobalSection(ProjectConfigurationPlatforms) = postSolution
		{D183FD7F-C78D-49BE-991A-0B99AF88F4F8}.Debug|Any CPU.ActiveCfg = Debug|Any CPU
		{D183FD7F-C78D-49BE-991A-0B99AF88F4F8}.Debug|Any CPU.Build.0 = Debug|Any CPU
		{D183FD7F-C78D-49BE-991A-0B99AF88F4F8}.Release|Any CPU.ActiveCfg = Release|Any CPU
		{D183FD7F-C78D-49BE-991A-0B99AF88F4F8}.Release|Any CPU.Build.0 = Release|Any CPU
	EndGlobalSection
	GlobalSection(SolutionProperties) = preSolution
		HideSolutionNode = FALSE
	EndGlobalSection
	GlobalSection(ExtensibilityGlobals) = postSolution
		SolutionGuid = {FA0F1803-1053-4F3C-A82B-46FC83A69A43}
	EndGlobalSection
EndGlobal
